# This file is automatically @generated by Cargo.
# It is not intended for manual editing.
version = 3

[[package]]
name = "tmuxwright-adapter-ratatui"
version = "0.0.0"

[[package]]
name = "tmuxwright-core"
version = "0.0.0"

[[package]]
name = "tmuxwright-napi"
version = "0.0.0"

[[package]]
name = "tmuxwright-rpc"
version = "0.0.0"

[[package]]
name = "tmuxwright-term"
version = "0.0.0"

[[package]]
name = "tmuxwright-tmux"
version = "0.0.0"
